
Microsoft Visual Studio Solution File, Format Version 12.00
# Visual Studio Version 17
VisualStudioVersion = 17.3.32825.248
MinimumVisualStudioVersion = 10.0.40219.1
Project("{9A19103F-16F7-4668-BE54-9A1E7A4F7556}") = "UTNCurso", "UTNCurso\UTNCurso.csproj", "{1DE77413-DE02-4C4F-8C3F-906E43F36FF2}"
EndProject
Project("{2150E333-8FDC-42A3-9474-1A3956D46DE8}") = "BLL", "BLL", "{1FD97A81-B01D-43C5-8350-3007A867504A}"
EndProject
Project("{2150E333-8FDC-42A3-9474-1A3956D46DE8}") = "UI", "UI", "{59EAE142-4C49-43DC-9A6F-20B242CB9608}"
EndProject
Project("{2150E333-8FDC-42A3-9474-1A3956D46DE8}") = "DAL", "DAL", "{0548C033-407E-41AE-B694-FA900CE3BA02}"
EndProject
Project("{2150E333-8FDC-42A3-9474-1A3956D46DE8}") = "Crosscutting", "Crosscutting", "{551DB919-0ECE-4C84-A91E-3CE3BFA6BE57}"
EndProject
Project("{9A19103F-16F7-4668-BE54-9A1E7A4F7556}") = "UTNCurso.BLL.DTOs", "UTNCurso.BLL.DTOs\UTNCurso.BLL.DTOs.csproj", "{9F3F3BCB-CB3D-4A1A-A2C1-79D3A448180A}"
EndProject
Project("{9A19103F-16F7-4668-BE54-9A1E7A4F7556}") = "UTNCurso.BLL.POCOs", "UTNCurso.BLL.POCOs\UTNCurso.BLL.POCOs.csproj", "{5993A72E-6FCF-4E88-B0BF-43D70885838E}"
EndProject
Project("{9A19103F-16F7-4668-BE54-9A1E7A4F7556}") = "UTNCurso.BLL.Services", "UTNCurso.BLL.Services\UTNCurso.BLL.Services.csproj", "{0715A356-36AF-45B6-9538-2E68406CF3A9}"
EndProject
Project("{9A19103F-16F7-4668-BE54-9A1E7A4F7556}") = "UTNCurso.DAL.EFCore", "UTNCurso.DAL.EFCore\UTNCurso.DAL.EFCore.csproj", "{51295969-C04C-4D95-AE7E-F2D6BBCB4446}"
EndProject
Project("{9A19103F-16F7-4668-BE54-9A1E7A4F7556}") = "UTNCurso.Common.Entities", "UTNCurso.Common.Entities\UTNCurso.Common.Entities.csproj", "{FB4E645A-D28E-4E87-8813-B0EC0117B546}"
EndProject
Project("{9A19103F-16F7-4668-BE54-9A1E7A4F7556}") = "UTNCurso.BLL.Bootstrappers", "UTNCurso.BLL.Bootstrappers\UTNCurso.BLL.Bootstrappers.csproj", "{2BEA279E-51E8-40AC-9DA0-05215AA3F060}"
EndProject
Project("{FAE04EC0-301F-11D3-BF4B-00C04F79EFBC}") = "UTNCurso.BLL.Services.Tests", "UTNCurso.BLL.Services.Tests\UTNCurso.BLL.Services.Tests.csproj", "{5257A447-FB95-4B52-94ED-8316534D360B}"
EndProject
Global
	GlobalSection(SolutionConfigurationPlatforms) = preSolution
		Debug|Any CPU = Debug|Any CPU
		Release|Any CPU = Release|Any CPU
	EndGlobalSection
	GlobalSection(ProjectConfigurationPlatforms) = postSolution
		{1DE77413-DE02-4C4F-8C3F-906E43F36FF2}.Debug|Any CPU.ActiveCfg = Debug|Any CPU
		{1DE77413-DE02-4C4F-8C3F-906E43F36FF2}.Debug|Any CPU.Build.0 = Debug|Any CPU
		{1DE77413-DE02-4C4F-8C3F-906E43F36FF2}.Release|Any CPU.ActiveCfg = Release|Any CPU
		{1DE77413-DE02-4C4F-8C3F-906E43F36FF2}.Release|Any CPU.Build.0 = Release|Any CPU
		{9F3F3BCB-CB3D-4A1A-A2C1-79D3A448180A}.Debug|Any CPU.ActiveCfg = Debug|Any CPU
		{9F3F3BCB-CB3D-4A1A-A2C1-79D3A448180A}.Debug|Any CPU.Build.0 = Debug|Any CPU
		{9F3F3BCB-CB3D-4A1A-A2C1-79D3A448180A}.Release|Any CPU.ActiveCfg = Release|Any CPU
		{9F3F3BCB-CB3D-4A1A-A2C1-79D3A448180A}.Release|Any CPU.Build.0 = Release|Any CPU
		{5993A72E-6FCF-4E88-B0BF-43D70885838E}.Debug|Any CPU.ActiveCfg = Debug|Any CPU
		{5993A72E-6FCF-4E88-B0BF-43D70885838E}.Debug|Any CPU.Build.0 = Debug|Any CPU
		{5993A72E-6FCF-4E88-B0BF-43D70885838E}.Release|Any CPU.ActiveCfg = Release|Any CPU
		{5993A72E-6FCF-4E88-B0BF-43D70885838E}.Release|Any CPU.Build.0 = Release|Any CPU
		{0715A356-36AF-45B6-9538-2E68406CF3A9}.Debug|Any CPU.ActiveCfg = Debug|Any CPU
		{0715A356-36AF-45B6-9538-2E68406CF3A9}.Debug|Any CPU.Build.0 = Debug|Any CPU
		{0715A356-36AF-45B6-9538-2E68406CF3A9}.Release|Any CPU.ActiveCfg = Release|Any CPU
		{0715A356-36AF-45B6-9538-2E68406CF3A9}.Release|Any CPU.Build.0 = Release|Any CPU
		{51295969-C04C-4D95-AE7E-F2D6BBCB4446}.Debug|Any CPU.ActiveCfg = Debug|Any CPU
		{51295969-C04C-4D95-AE7E-F2D6BBCB4446}.Debug|Any CPU.Build.0 = Debug|Any CPU
		{51295969-C04C-4D95-AE7E-F2D6BBCB4446}.Release|Any CPU.ActiveCfg = Release|Any CPU
		{51295969-C04C-4D95-AE7E-F2D6BBCB4446}.Release|Any CPU.Build.0 = Release|Any CPU
		{FB4E645A-D28E-4E87-8813-B0EC0117B546}.Debug|Any CPU.ActiveCfg = Debug|Any CPU
		{FB4E645A-D28E-4E87-8813-B0EC0117B546}.Debug|Any CPU.Build.0 = Debug|Any CPU
		{FB4E645A-D28E-4E87-8813-B0EC0117B546}.Release|Any CPU.ActiveCfg = Release|Any CPU
		{FB4E645A-D28E-4E87-8813-B0EC0117B546}.Release|Any CPU.Build.0 = Release|Any CPU
		{2BEA279E-51E8-40AC-9DA0-05215AA3F060}.Debug|Any CPU.ActiveCfg = Debug|Any CPU
		{2BEA279E-51E8-40AC-9DA0-05215AA3F060}.Debug|Any CPU.Build.0 = Debug|Any CPU
		{2BEA279E-51E8-40AC-9DA0-05215AA3F060}.Release|Any CPU.ActiveCfg = Release|Any CPU
		{2BEA279E-51E8-40AC-9DA0-05215AA3F060}.Release|Any CPU.Build.0 = Release|Any CPU
		{5257A447-FB95-4B52-94ED-8316534D360B}.Debug|Any CPU.ActiveCfg = Debug|Any CPU
		{5257A447-FB95-4B52-94ED-8316534D360B}.Debug|Any CPU.Build.0 = Debug|Any CPU
		{5257A447-FB95-4B52-94ED-8316534D360B}.Release|Any CPU.ActiveCfg = Release|Any CPU
		{5257A447-FB95-4B52-94ED-8316534D360B}.Release|Any CPU.Build.0 = Release|Any CPU
	EndGlobalSection
	GlobalSection(SolutionProperties) = preSolution
		HideSolutionNode = FALSE
	EndGlobalSection
	GlobalSection(NestedProjects) = preSolution
		{1DE77413-DE02-4C4F-8C3F-906E43F36FF2} = {59EAE142-4C49-43DC-9A6F-20B242CB9608}
		{9F3F3BCB-CB3D-4A1A-A2C1-79D3A448180A} = {1FD97A81-B01D-43C5-8350-3007A867504A}
		{5993A72E-6FCF-4E88-B0BF-43D70885838E} = {1FD97A81-B01D-43C5-8350-3007A867504A}
		{0715A356-36AF-45B6-9538-2E68406CF3A9} = {1FD97A81-B01D-43C5-8350-3007A867504A}
		{51295969-C04C-4D95-AE7E-F2D6BBCB4446} = {0548C033-407E-41AE-B694-FA900CE3BA02}
		{FB4E645A-D28E-4E87-8813-B0EC0117B546} = {551DB919-0ECE-4C84-A91E-3CE3BFA6BE57}
		{2BEA279E-51E8-40AC-9DA0-05215AA3F060} = {1FD97A81-B01D-43C5-8350-3007A867504A}
		{5257A447-FB95-4B52-94ED-8316534D360B} = {1FD97A81-B01D-43C5-8350-3007A867504A}
	EndGlobalSection
	GlobalSection(ExtensibilityGlobals) = postSolution
		SolutionGuid = {3C1B4E58-50A6-45B2-A4CE-317248652763}
	EndGlobalSection
EndGlobal
